
Microsoft Visual Studio Solution File, Format Version 12.00
# Visual Studio 15
VisualStudioVersion = 15.0.28010.2016
MinimumVisualStudioVersion = 10.0.40219.1
Project("{FAE04EC0-301F-11D3-BF4B-00C04F79EFBC}") = "Dispositivo_Tag", "Dispositivo_Tag\Dispositivo_Tag.csproj", "{24A1339B-61DE-4094-9C3B-5CD8F6B32FD3}"
EndProject
Project("{FAE04EC0-301F-11D3-BF4B-00C04F79EFBC}") = "Dispositivo_Main", "Dispositivo_Main\Dispositivo_Main.csproj", "{571345D2-CDFE-47F5-BCCF-CE0C5EBE9D2A}"
EndProject
Global
	GlobalSection(SolutionConfigurationPlatforms) = preSolution
		Debug|Any CPU = Debug|Any CPU
		Release|Any CPU = Release|Any CPU
	EndGlobalSection
	GlobalSection(ProjectConfigurationPlatforms) = postSolution
		{24A1339B-61DE-4094-9C3B-5CD8F6B32FD3}.Debug|Any CPU.ActiveCfg = Debug|Any CPU
		{24A1339B-61DE-4094-9C3B-5CD8F6B32FD3}.Debug|Any CPU.Build.0 = Debug|Any CPU
		{24A1339B-61DE-4094-9C3B-5CD8F6B32FD3}.Release|Any CPU.ActiveCfg = Release|Any CPU
		{24A1339B-61DE-4094-9C3B-5CD8F6B32FD3}.Release|Any CPU.Build.0 = Release|Any CPU
		{571345D2-CDFE-47F5-BCCF-CE0C5EBE9D2A}.Debug|Any CPU.ActiveCfg = Debug|Any CPU
		{571345D2-CDFE-47F5-BCCF-CE0C5EBE9D2A}.Debug|Any CPU.Build.0 = Debug|Any CPU
		{571345D2-CDFE-47F5-BCCF-CE0C5EBE9D2A}.Release|Any CPU.ActiveCfg = Release|Any CPU
		{571345D2-CDFE-47F5-BCCF-CE0C5EBE9D2A}.Release|Any CPU.Build.0 = Release|Any CPU
	EndGlobalSection
	GlobalSection(SolutionProperties) = preSolution
		HideSolutionNode = FALSE
	EndGlobalSection
	GlobalSection(ExtensibilityGlobals) = postSolution
		SolutionGuid = {ED4FBE1F-8247-49B6-A28D-F26C32C7D0E3}
	EndGlobalSection
EndGlobal
